
Microsoft Visual Studio Solution File, Format Version 12.00
# Visual Studio 15
VisualStudioVersion = 15.0.28010.2003
MinimumVisualStudioVersion = 10.0.40219.1
Project("{FAE04EC0-301F-11D3-BF4B-00C04F79EFBC}") = "Soundy", "Soundy\Soundy.csproj", "{0EE6C745-36DC-4101-B55D-3085A86B47A1}"
EndProject
Global
	GlobalSection(SolutionConfigurationPlatforms) = preSolution
		Debug|Any CPU = Debug|Any CPU
		Release|Any CPU = Release|Any CPU
	EndGlobalSection
	GlobalSection(ProjectConfigurationPlatforms) = postSolution
		{0EE6C745-36DC-4101-B55D-3085A86B47A1}.Debug|Any CPU.ActiveCfg = Debug|Any CPU
		{0EE6C745-36DC-4101-B55D-3085A86B47A1}.Debug|Any CPU.Build.0 = Debug|Any CPU
		{0EE6C745-36DC-4101-B55D-3085A86B47A1}.Release|Any CPU.ActiveCfg = Release|Any CPU
		{0EE6C745-36DC-4101-B55D-3085A86B47A1}.Release|Any CPU.Build.0 = Release|Any CPU
	EndGlobalSection
	GlobalSection(SolutionProperties) = preSolution
		HideSolutionNode = FALSE
	EndGlobalSection
	GlobalSection(ExtensibilityGlobals) = postSolution
		SolutionGuid = {252DA67E-6910-4729-9C4C-EAA5A18C5B12}
	EndGlobalSection
EndGlobal
